// !$*UTF8*$!
{
	archiveVersion = 1;
	classes = {
	};
	objectVersion = 50;
	objects = {

/* Begin PBXBuildFile section */
		BC7CED3625FFA7D7000CD99D /* AppDelegate.swift in Sources */ = {isa = PBXBuildFile; fileRef = BC7CED3525FFA7D7000CD99D /* AppDelegate.swift */; };
		BC7CED3825FFA7D7000CD99D /* SceneDelegate.swift in Sources */ = {isa = PBXBuildFile; fileRef = BC7CED3725FFA7D7000CD99D /* SceneDelegate.swift */; };
		BC7CED3A25FFA7D7000CD99D /* ViewController.swift in Sources */ = {isa = PBXBuildFile; fileRef = BC7CED3925FFA7D7000CD99D /* ViewController.swift */; };
		BC7CED3D25FFA7D7000CD99D /* Main.storyboard in Resources */ = {isa = PBXBuildFile; fileRef = BC7CED3B25FFA7D7000CD99D /* Main.storyboard */; };
		BC7CED3F25FFA7D8000CD99D /* Assets.xcassets in Resources */ = {isa = PBXBuildFile; fileRef = BC7CED3E25FFA7D8000CD99D /* Assets.xcassets */; };
		BC7CED4225FFA7D8000CD99D /* LaunchScreen.storyboard in Resources */ = {isa = PBXBuildFile; fileRef = BC7CED4025FFA7D8000CD99D /* LaunchScreen.storyboard */; };
		BC7CED4B25FFA89F000CD99D /* Friend.swift in Sources */ = {isa = PBXBuildFile; fileRef = BC7CED4A25FFA89F000CD99D /* Friend.swift */; };
/* End PBXBuildFile section */

/* Begin PBXFileReference section */
		BC7CED3225FFA7D7000CD99D /* MyFriends_Review.app */ = {isa = PBXFileReference; explicitFileType = wrapper.application; includeInIndex = 0; path = MyFriends_Review.app; sourceTree = BUILT_PRODUCTS_DIR; };
		BC7CED3525FFA7D7000CD99D /* AppDelegate.swift */ = {isa = PBXFileReference; lastKnownFileType = sourcecode.swift; path = AppDelegate.swift; sourceTree = "<group>"; };
		BC7CED3725FFA7D7000CD99D /* SceneDelegate.swift */ = {isa = PBXFileReference; lastKnownFileType = sourcecode.swift; path = SceneDelegate.swift; sourceTree = "<group>"; };
		BC7CED3925FFA7D7000CD99D /* ViewController.swift */ = {isa = PBXFileReference; lastKnownFileType = sourcecode.swift; path = ViewController.swift; sourceTree = "<group>"; };
		BC7CED3C25FFA7D7000CD99D /* Base */ = {isa = PBXFileReference; lastKnownFileType = file.storyboard; name = Base; path = Base.lproj/Main.storyboard; sourceTree = "<group>"; };
		BC7CED3E25FFA7D8000CD99D /* Assets.xcassets */ = {isa = PBXFileReference; lastKnownFileType = folder.assetcatalog; path = Assets.xcassets; sourceTree = "<group>"; };
		BC7CED4125FFA7D8000CD99D /* Base */ = {isa = PBXFileReference; lastKnownFileType = file.storyboard; name = Base; path = Base.lproj/LaunchScreen.storyboard; sourceTree = "<group>"; };
		BC7CED4325FFA7D8000CD99D /* Info.plist */ = {isa = PBXFileReference; lastKnownFileType = text.plist.xml; path = Info.plist; sourceTree = "<group>"; };
		BC7CED4A25FFA89F000CD99D /* Friend.swift */ = {isa = PBXFileReference; lastKnownFileType = sourcecode.swift; path = Friend.swift; sourceTree = "<group>"; };
/* End PBXFileReference section */

/* Begin PBXFrameworksBuildPhase section */
		BC7CED2F25FFA7D7000CD99D /* Frameworks */ = {
			isa = PBXFrameworksBuildPhase;
			buildActionMask = 2147483647;
			files = (
			);
			runOnlyForDeploymentPostprocessing = 0;
		};
/* End PBXFrameworksBuildPhase section */

/* Begin PBXGroup section */
		BC7CED2925FFA7D7000CD99D = {
			isa = PBXGroup;
			children = (
				BC7CED3425FFA7D7000CD99D /* MyFriends_Review */,
				BC7CED3325FFA7D7000CD99D /* Products */,
			);
			sourceTree = "<group>";
		};
		BC7CED3325FFA7D7000CD99D /* Products */ = {
			isa = PBXGroup;
			children = (
				BC7CED3225FFA7D7000CD99D /* MyFriends_Review.app */,
			);
			name = Products;
			sourceTree = "<group>";
		};
		BC7CED3425FFA7D7000CD99D /* MyFriends_Review */ = {
			isa = PBXGroup;
			children = (
				BC7CED3525FFA7D7000CD99D /* AppDelegate.swift */,
				BC7CED3725FFA7D7000CD99D /* SceneDelegate.swift */,
				BC7CED3925FFA7D7000CD99D /* ViewController.swift */,
				BC7CED4A25FFA89F000CD99D /* Friend.swift */,
				BC7CED3B25FFA7D7000CD99D /* Main.storyboard */,
				BC7CED3E25FFA7D8000CD99D /* Assets.xcassets */,
				BC7CED4025FFA7D8000CD99D /* LaunchScreen.storyboard */,
				BC7CED4325FFA7D8000CD99D /* Info.plist */,
			);
			path = MyFriends_Review;
			sourceTree = "<group>";
		};
/* End PBXGroup section */

/* Begin PBXNativeTarget section */
		BC7CED3125FFA7D7000CD99D /* MyFriends_Review */ = {
			isa = PBXNativeTarget;
			buildConfigurationList = BC7CED4625FFA7D8000CD99D /* Build configuration list for PBXNativeTarget "MyFriends_Review" */;
			buildPhases = (
				BC7CED2E25FFA7D7000CD99D /* Sources */,
				BC7CED2F25FFA7D7000CD99D /* Frameworks */,
				BC7CED3025FFA7D7000CD99D /* Resources */,
			);
			buildRules = (
			);
			dependencies = (
			);
			name = MyFriends_Review;
			productName = MyFriends_Review;
			productReference = BC7CED3225FFA7D7000CD99D /* MyFriends_Review.app */;
			productType = "com.apple.product-type.application";
		};
/* End PBXNativeTarget section */

/* Begin PBXProject section */
		BC7CED2A25FFA7D7000CD99D /* Project object */ = {
			isa = PBXProject;
			attributes = {
				LastSwiftUpdateCheck = 1240;
				LastUpgradeCheck = 1240;
				TargetAttributes = {
					BC7CED3125FFA7D7000CD99D = {
						CreatedOnToolsVersion = 12.4;
					};
				};
			};
			buildConfigurationList = BC7CED2D25FFA7D7000CD99D /* Build configuration list for PBXProject "MyFriends_Review" */;
			compatibilityVersion = "Xcode 9.3";
			developmentRegion = en;
			hasScannedForEncodings = 0;
			knownRegions = (
				en,
				Base,
			);
			mainGroup = BC7CED2925FFA7D7000CD99D;
			productRefGroup = BC7CED3325FFA7D7000CD99D /* Products */;
			projectDirPath = "";
			projectRoot = "";
			targets = (
				BC7CED3125FFA7D7000CD99D /* MyFriends_Review */,
			);
		};
/* End PBXProject section */

/* Begin PBXResourcesBuildPhase section */
		BC7CED3025FFA7D7000CD99D /* Resources */ = {
			isa = PBXResourcesBuildPhase;
			buildActionMask = 2147483647;
			files = (
				BC7CED4225FFA7D8000CD99D /* LaunchScreen.storyboard in Resources */,
				BC7CED3F25FFA7D8000CD99D /* Assets.xcassets in Resources */,
				BC7CED3D25FFA7D7000CD99D /* Main.storyboard in Resources */,
			);
			runOnlyForDeploymentPostprocessing = 0;
		};
/* End PBXResourcesBuildPhase section */

/* Begin PBXSourcesBuildPhase section */
		BC7CED2E25FFA7D7000CD99D /* Sources */ = {
			isa = PBXSourcesBuildPhase;
			buildActionMask = 2147483647;
			files = (
				BC7CED3A25FFA7D7000CD99D /* ViewController.swift in Sources */,
				BC7CED3625FFA7D7000CD99D /* AppDelegate.swift in Sources */,
				BC7CED3825FFA7D7000CD99D /* SceneDelegate.swift in Sources */,
				BC7CED4B25FFA89F000CD99D /* Friend.swift in Sources */,
			);
			runOnlyForDeploymentPostprocessing = 0;
		};
/* End PBXSourcesBuildPhase section */

/* Begin PBXVariantGroup section */
		BC7CED3B25FFA7D7000CD99D /* Main.storyboard */ = {
			isa = PBXVariantGroup;
			children = (
				BC7CED3C25FFA7D7000CD99D /* Base */,
			);
			name = Main.storyboard;
			sourceTree = "<group>";
		};
		BC7CED4025FFA7D8000CD99D /* LaunchScreen.storyboard */ = {
			isa = PBXVariantGroup;
			children = (
				BC7CED4125FFA7D8000CD99D /* Base */,
			);
			name = LaunchScreen.storyboard;
			sourceTree = "<group>";
		};
/* End PBXVariantGroup section */

/* Begin XCBuildConfiguration section */
		BC7CED4425FFA7D8000CD99D /* Debug */ = {
			isa = XCBuildConfiguration;
			buildSettings = {
				ALWAYS_SEARCH_USER_PATHS = NO;
				CLANG_ANALYZER_NONNULL = YES;
				CLANG_ANALYZER_NUMBER_OBJECT_CONVERSION = YES_AGGRESSIVE;
				CLANG_CXX_LANGUAGE_STANDARD = "gnu++14";
				CLANG_CXX_LIBRARY = "libc++";
				CLANG_ENABLE_MODULES = YES;
				CLANG_ENABLE_OBJC_ARC = YES;
				CLANG_ENABLE_OBJC_WEAK = YES;
				CLANG_WARN_BLOCK_CAPTURE_AUTORELEASING = YES;
				CLANG_WARN_BOOL_CONVERSION = YES;
				CLANG_WARN_COMMA = YES;
				CLANG_WARN_CONSTANT_CONVERSION = YES;
				CLANG_WARN_DEPRECATED_OBJC_IMPLEMENTATIONS = YES;
				CLANG_WARN_DIRECT_OBJC_ISA_USAGE = YES_ERROR;
				CLANG_WARN_DOCUMENTATION_COMMENTS = YES;
				CLANG_WARN_EMPTY_BODY = YES;
				CLANG_WARN_ENUM_CONVERSION = YES;
				CLANG_WARN_INFINITE_RECURSION = YES;
				CLANG_WARN_INT_CONVERSION = YES;
				CLANG_WARN_NON_LITERAL_NULL_CONVERSION = YES;
				CLANG_WARN_OBJC_IMPLICIT_RETAIN_SELF = YES;
				CLANG_WARN_OBJC_LITERAL_CONVERSION = YES;
				CLANG_WARN_OBJC_ROOT_CLASS = YES_ERROR;
				CLANG_WARN_QUOTED_INCLUDE_IN_FRAMEWORK_HEADER = YES;
				CLANG_WARN_RANGE_LOOP_ANALYSIS = YES;
				CLANG_WARN_STRICT_PROTOTYPES = YES;
				CLANG_WARN_SUSPICIOUS_MOVE = YES;
				CLANG_WARN_UNGUARDED_AVAILABILITY = YES_AGGRESSIVE;
				CLANG_WARN_UNREACHABLE_CODE = YES;
				CLANG_WARN__DUPLICATE_METHOD_MATCH = YES;
				COPY_PHASE_STRIP = NO;
				DEBUG_INFORMATION_FORMAT = dwarf;
				ENABLE_STRICT_OBJC_MSGSEND = YES;
				ENABLE_TESTABILITY = YES;
				GCC_C_LANGUAGE_STANDARD = gnu11;
				GCC_DYNAMIC_NO_PIC = NO;
				GCC_NO_COMMON_BLOCKS = YES;
				GCC_OPTIMIZATION_LEVEL = 0;
				GCC_PREPROCESSOR_DEFINITIONS = (
					"DEBUG=1",
					"$(inherited)",
				);
				GCC_WARN_64_TO_32_BIT_CONVERSION = YES;
				GCC_WARN_ABOUT_RETURN_TYPE = YES_ERROR;
				GCC_WARN_UNDECLARED_SELECTOR = YES;
				GCC_WARN_UNINITIALIZED_AUTOS = YES_AGGRESSIVE;
				GCC_WARN_UNUSED_FUNCTION = YES;
				GCC_WARN_UNUSED_VARIABLE = YES;
				IPHONEOS_DEPLOYMENT_TARGET = 14.4;
				MTL_ENABLE_DEBUG_INFO = INCLUDE_SOURCE;
				MTL_FAST_MATH = YES;
				ONLY_ACTIVE_ARCH = YES;
				SDKROOT = iphoneos;
				SWIFT_ACTIVE_COMPILATION_CONDITIONS = DEBUG;
				SWIFT_OPTIMIZATION_LEVEL = "-Onone";
			};
			name = Debug;
		};
		BC7CED4525FFA7D8000CD99D /* Release */ = {
			isa = XCBuildConfiguration;
			buildSettings = {
				ALWAYS_SEARCH_USER_PATHS = NO;
				CLANG_ANALYZER_NONNULL = YES;
				CLANG_ANALYZER_NUMBER_OBJECT_CONVERSION = YES_AGGRESSIVE;
				CLANG_CXX_LANGUAGE_STANDARD = "gnu++14";
				CLANG_CXX_LIBRARY = "libc++";
				CLANG_ENABLE_MODULES = YES;
				CLANG_ENABLE_OBJC_ARC = YES;
				CLANG_ENABLE_OBJC_WEAK = YES;
				CLANG_WARN_BLOCK_CAPTURE_AUTORELEASING = YES;
				CLANG_WARN_BOOL_CONVERSION = YES;
				CLANG_WARN_COMMA = YES;
				CLANG_WARN_CONSTANT_CONVERSION = YES;
				CLANG_WARN_DEPRECATED_OBJC_IMPLEMENTATIONS = YES;
				CLANG_WARN_DIRECT_OBJC_ISA_USAGE = YES_ERROR;
				CLANG_WARN_DOCUMENTATION_COMMENTS = YES;
				CLANG_WARN_EMPTY_BODY = YES;
				CLANG_WARN_ENUM_CONVERSION = YES;
				CLANG_WARN_INFINITE_RECURSION = YES;
				CLANG_WARN_INT_CONVERSION = YES;
				CLANG_WARN_NON_LITERAL_NULL_CONVERSION = YES;
				CLANG_WARN_OBJC_IMPLICIT_RETAIN_SELF = YES;
				CLANG_WARN_OBJC_LITERAL_CONVERSION = YES;
				CLANG_WARN_OBJC_ROOT_CLASS = YES_ERROR;
				CLANG_WARN_QUOTED_INCLUDE_IN_FRAMEWORK_HEADER = YES;
				CLANG_WARN_RANGE_LOOP_ANALYSIS = YES;
				CLANG_WARN_STRICT_PROTOTYPES = YES;
				CLANG_WARN_SUSPICIOUS_MOVE = YES;
				CLANG_WARN_UNGUARDED_AVAILABILITY = YES_AGGRESSIVE;
				CLANG_WARN_UNREACHABLE_CODE = YES;
				CLANG_WARN__DUPLICATE_METHOD_MATCH = YES;
				COPY_PHASE_STRIP = NO;
				DEBUG_INFORMATION_FORMAT = "dwarf-with-dsym";
				ENABLE_NS_ASSERTIONS = NO;
				ENABLE_STRICT_OBJC_MSGSEND = YES;
				GCC_C_LANGUAGE_STANDARD = gnu11;
				GCC_NO_COMMON_BLOCKS = YES;
				GCC_WARN_64_TO_32_BIT_CONVERSION = YES;
				GCC_WARN_ABOUT_RETURN_TYPE = YES_ERROR;
				GCC_WARN_UNDECLARED_SELECTOR = YES;
				GCC_WARN_UNINITIALIZED_AUTOS = YES_AGGRESSIVE;
				GCC_WARN_UNUSED_FUNCTION = YES;
				GCC_WARN_UNUSED_VARIABLE = YES;
				IPHONEOS_DEPLOYMENT_TARGET = 14.4;
				MTL_ENABLE_DEBUG_INFO = NO;
				MTL_FAST_MATH = YES;
				SDKROOT = iphoneos;
				SWIFT_COMPILATION_MODE = wholemodule;
				SWIFT_OPTIMIZATION_LEVEL = "-O";
				VALIDATE_PRODUCT = YES;
			};
			name = Release;
		};
		BC7CED4725FFA7D8000CD99D /* Debug */ = {
			isa = XCBuildConfiguration;
			buildSettings = {
				ASSETCATALOG_COMPILER_APPICON_NAME = AppIcon;
				ASSETCATALOG_COMPILER_GLOBAL_ACCENT_COLOR_NAME = AccentColor;
				CODE_SIGN_STYLE = Automatic;
				DEVELOPMENT_TEAM = UL264WB4Z5;
				INFOPLIST_FILE = MyFriends_Review/Info.plist;
				LD_RUNPATH_SEARCH_PATHS = (
					"$(inherited)",
					"@executable_path/Frameworks",
				);
				PRODUCT_BUNDLE_IDENTIFIER = "net.P0tt3r.MyFriends-Review";
				PRODUCT_NAME = "$(TARGET_NAME)";
				SWIFT_VERSION = 5.0;
				TARGETED_DEVICE_FAMILY = "1,2";
			};
			name = Debug;
		};
		BC7CED4825FFA7D8000CD99D /* Release */ = {
			isa = XCBuildConfiguration;
			buildSettings = {
				ASSETCATALOG_COMPILER_APPICON_NAME = AppIcon;
				ASSETCATALOG_COMPILER_GLOBAL_ACCENT_COLOR_NAME = AccentColor;
				CODE_SIGN_STYLE = Automatic;
				DEVELOPMENT_TEAM = UL264WB4Z5;
				INFOPLIST_FILE = MyFriends_Review/Info.plist;
				LD_RUNPATH_SEARCH_PATHS = (
					"$(inherited)",
					"@executable_path/Frameworks",
				);
				PRODUCT_BUNDLE_IDENTIFIER = "net.P0tt3r.MyFriends-Review";
				PRODUCT_NAME = "$(TARGET_NAME)";
				SWIFT_VERSION = 5.0;
				TARGETED_DEVICE_FAMILY = "1,2";
			};
			name = Release;
		};
/* End XCBuildConfiguration section */

/* Begin XCConfigurationList section */
		BC7CED2D25FFA7D7000CD99D /* Build configuration list for PBXProject "MyFriends_Review" */ = {
			isa = XCConfigurationList;
			buildConfigurations = (
				BC7CED4425FFA7D8000CD99D /* Debug */,
				BC7CED4525FFA7D8000CD99D /* Release */,
			);
			defaultConfigurationIsVisible = 0;
			defaultConfigurationName = Release;
		};
		BC7CED4625FFA7D8000CD99D /* Build configuration list for PBXNativeTarget "MyFriends_Review" */ = {
			isa = XCConfigurationList;
			buildConfigurations = (
				BC7CED4725FFA7D8000CD99D /* Debug */,
				BC7CED4825FFA7D8000CD99D /* Release */,
			);
			defaultConfigurationIsVisible = 0;
			defaultConfigurationName = Release;
		};
/* End XCConfigurationList section */
	};
	rootObject = BC7CED2A25FFA7D7000CD99D /* Project object */;
}
